Microsoft Visual Studio Solution File, Format Version 11.00
# Visual Studio 2008

Project("{C19904E7-66F1-2E34-035B-14739946331A}") = "menuProject", "Assembly-CSharp.csproj", "{10B1ED4B-1839-A745-23BD-1A39A8B46721}"
EndProject
Global
	GlobalSection(SolutionConfigurationPlatforms) = preSolution
		Debug|Any CPU = Debug|Any CPU
		Release|Any CPU = Release|Any CPU
	EndGlobalSection
	GlobalSection(ProjectConfigurationPlatforms) = postSolution
		{10B1ED4B-1839-A745-23BD-1A39A8B46721}.Debug|Any CPU.ActiveCfg = Debug|Any CPU
		{10B1ED4B-1839-A745-23BD-1A39A8B46721}.Debug|Any CPU.Build.0 = Debug|Any CPU
		{10B1ED4B-1839-A745-23BD-1A39A8B46721}.Release|Any CPU.ActiveCfg = Release|Any CPU
		{10B1ED4B-1839-A745-23BD-1A39A8B46721}.Release|Any CPU.Build.0 = Release|Any CPU
	EndGlobalSection
	GlobalSection(SolutionProperties) = preSolution
		HideSolutionNode = FALSE
	EndGlobalSection
	GlobalSection(MonoDevelopProperties) = preSolution
		StartupItem = Assembly-CSharp.csproj
	EndGlobalSection
EndGlobal
